{
  "name": "omarchy-coinbase-cli-runtime",
  "version": "1.0.0",
  "lockfileVersion": 3,
  "requires": true,
  "packages": {
    "": {
      "name": "omarchy-coinbase-cli-runtime",
      "version": "1.0.0",
      "dependencies": {
        "@coinbase/coinbase-cli": "0.0.10"
      }
    },
    "node_modules/@coinbase/coinbase-cli": {
      "version": "0.0.10",
      "resolved": "https://registry.npmjs.org/@coinbase/coinbase-cli/-/coinbase-cli-0.0.10.tgz",
      "integrity": "sha512-7SgLWmo7Xwt2kDL+M15IRCs4KFhsUMPOWQYfJUMKMnwf1s0Lv9cFM4bL3mmF2sq+9SpbjWGrieZzEixPSIVAag==",
      "hasInstallScript": true,
      "license": "MIT",
      "bin": {
        "coinbase": "dist/index.js"
      },
      "engines": {
        "node": ">=22"
      }
    }
  }
}
